# This file is automatically @generated by Cargo.
# It is not intended for manual editing.
version = 3

[[package]]
name = "adi"
version = "0.12.0"
source = "registry+https://github.com/rust-lang/crates.io-index"
checksum = "209259bb2662d0fec0415d06a9f6b3d682bc6a382fc3c15fc494155bb692bf57"
dependencies = [
 "adi_speaker",
]

[[package]]
name = "adi_speaker"
version = "0.0.1"
source = "registry+https://github.com/rust-lang/crates.io-index"
checksum = "825bde524e986f9cec7ed894ff4bfc090e55c851897d7bde86450daa090ce608"
dependencies = [
 "lazy_static",
 "libc",
 "nix",
]

[[package]]
name = "bitflags"
version = "0.9.1"
source = "registry+https://github.com/rust-lang/crates.io-index"
checksum = "4efd02e230a02e18f92fc2735f44597385ed02ad8f831e7c1c1156ee5e1ab3a5"

[[package]]
name = "byteorder"
version = "1.4.3"
source = "registry+https://github.com/rust-lang/crates.io-index"
checksum = "14c189c53d098945499cdfa7ecc63567cf3886b3332b312a5b4585d8d3a6a610"

[[package]]
name = "cfg-if"
version = "0.1.10"
source = "registry+https://github.com/rust-lang/crates.io-index"
checksum = "4785bdd1c96b2a846b2bd7cc02e86b6b3dbf14e7e53446c4f54c92a361040822"

[[package]]
name = "electric-trombone"
version = "0.1.0"
dependencies = [
 "adi",
 "byteorder",
 "pitch",
 "sample",
 "twang",
]

[[package]]
name = "fon"
version = "0.6.0"
source = "registry+https://github.com/rust-lang/crates.io-index"
checksum = "ad46a0e6c9bc688823a742aa969b5c08fdc56c2a436ee00d5c6fbcb5982c55c4"
dependencies = [
 "libm",
]

[[package]]
name = "lazy_static"
version = "1.4.0"
source = "registry+https://github.com/rust-lang/crates.io-index"
checksum = "e2abad23fbc42b3700f2f279844dc832adb2b2eb069b2df918f455c4e18cc646"

[[package]]
name = "libc"
version = "0.2.126"
source = "registry+https://github.com/rust-lang/crates.io-index"
checksum = "349d5a591cd28b49e1d1037471617a32ddcda5731b99419008085f72d5a53836"

[[package]]
name = "libm"
version = "0.2.5"
source = "registry+https://github.com/rust-lang/crates.io-index"
checksum = "292a948cd991e376cf75541fe5b97a1081d713c618b4f1b9500f8844e49eb565"

[[package]]
name = "nix"
version = "0.9.0"
source = "registry+https://github.com/rust-lang/crates.io-index"
checksum = "a2c5afeb0198ec7be8569d666644b574345aad2e95a53baf3a532da3e0f3fb32"
dependencies = [
 "bitflags",
 "cfg-if",
 "libc",
 "void",
]

[[package]]
name = "pitch"
version = "0.1.3"
source = "registry+https://github.com/rust-lang/crates.io-index"
checksum = "4cb77a46cf94b1653e45117c2db063e1ac9af4e3e6432d92e1f1871225fabb46"

[[package]]
name = "sample"
version = "0.9.1"
source = "registry+https://github.com/rust-lang/crates.io-index"
checksum = "6c8f1d3843c8c3e3d8a89c07791329eaae60272ca34e6c570b6b5ae8412fa76d"

[[package]]
name = "twang"
version = "0.9.0"
source = "registry+https://github.com/rust-lang/crates.io-index"
checksum = "d1e48cc01a4417b829f84bd6b40a8331ae00dacd3c53e83e7fba2eca08837f0d"
dependencies = [
 "fon",
 "libm",
]

[[package]]
name = "void"
version = "1.0.2"
source = "registry+https://github.com/rust-lang/crates.io-index"
checksum = "6a02e4885ed3bc0f2de90ea6dd45ebcbb66dacffe03547fadbb0eeae2770887d"
